
Microsoft Visual Studio Solution File, Format Version 11.00
# Visual Studio 2010
Project("{FAE04EC0-301F-11D3-BF4B-00C04F79EFBC}") = "DCI+MVC", "DCI+MVC\DCI+MVC.csproj", "{0A15E15A-81EA-4E9F-8D45-CFE7291D6BE9}"
EndProject
Global
	GlobalSection(SolutionConfigurationPlatforms) = preSolution
		Debug|Any CPU = Debug|Any CPU
		Release|Any CPU = Release|Any CPU
	EndGlobalSection
	GlobalSection(ProjectConfigurationPlatforms) = postSolution
		{0A15E15A-81EA-4E9F-8D45-CFE7291D6BE9}.Debug|Any CPU.ActiveCfg = Debug|Any CPU
		{0A15E15A-81EA-4E9F-8D45-CFE7291D6BE9}.Debug|Any CPU.Build.0 = Debug|Any CPU
		{0A15E15A-81EA-4E9F-8D45-CFE7291D6BE9}.Release|Any CPU.ActiveCfg = Release|Any CPU
		{0A15E15A-81EA-4E9F-8D45-CFE7291D6BE9}.Release|Any CPU.Build.0 = Release|Any CPU
	EndGlobalSection
	GlobalSection(SolutionProperties) = preSolution
		HideSolutionNode = FALSE
	EndGlobalSection
EndGlobal
